
Microsoft Visual Studio Solution File, Format Version 12.00
# Visual Studio Version 16
VisualStudioVersion = 16.0.31005.135
MinimumVisualStudioVersion = 10.0.40219.1
Project("{FAE04EC0-301F-11D3-BF4B-00C04F79EFBC}") = "E6-Articulo", "E6-Articulo\E6-Articulo.csproj", "{34E03694-2B75-4DD6-B686-6F258C9D593E}"
EndProject
Global
	GlobalSection(SolutionConfigurationPlatforms) = preSolution
		Debug|Any CPU = Debug|Any CPU
		Release|Any CPU = Release|Any CPU
	EndGlobalSection
	GlobalSection(ProjectConfigurationPlatforms) = postSolution
		{34E03694-2B75-4DD6-B686-6F258C9D593E}.Debug|Any CPU.ActiveCfg = Debug|Any CPU
		{34E03694-2B75-4DD6-B686-6F258C9D593E}.Debug|Any CPU.Build.0 = Debug|Any CPU
		{34E03694-2B75-4DD6-B686-6F258C9D593E}.Release|Any CPU.ActiveCfg = Release|Any CPU
		{34E03694-2B75-4DD6-B686-6F258C9D593E}.Release|Any CPU.Build.0 = Release|Any CPU
	EndGlobalSection
	GlobalSection(SolutionProperties) = preSolution
		HideSolutionNode = FALSE
	EndGlobalSection
	GlobalSection(ExtensibilityGlobals) = postSolution
		SolutionGuid = {E2C6D9E9-AC72-4B43-BADD-4DD610040A13}
	EndGlobalSection
EndGlobal
