
Microsoft Visual Studio Solution File, Format Version 12.00
# Visual Studio Version 16
VisualStudioVersion = 16.0.31005.135
MinimumVisualStudioVersion = 10.0.40219.1
Project("{FAE04EC0-301F-11D3-BF4B-00C04F79EFBC}") = "E6.2-Fecha", "E6.2-Fecha\E6.2-Fecha.csproj", "{5DC04466-4C21-4297-A3AD-C106A28CC8DD}"
EndProject
Global
	GlobalSection(SolutionConfigurationPlatforms) = preSolution
		Debug|Any CPU = Debug|Any CPU
		Release|Any CPU = Release|Any CPU
	EndGlobalSection
	GlobalSection(ProjectConfigurationPlatforms) = postSolution
		{5DC04466-4C21-4297-A3AD-C106A28CC8DD}.Debug|Any CPU.ActiveCfg = Debug|Any CPU
		{5DC04466-4C21-4297-A3AD-C106A28CC8DD}.Debug|Any CPU.Build.0 = Debug|Any CPU
		{5DC04466-4C21-4297-A3AD-C106A28CC8DD}.Release|Any CPU.ActiveCfg = Release|Any CPU
		{5DC04466-4C21-4297-A3AD-C106A28CC8DD}.Release|Any CPU.Build.0 = Release|Any CPU
	EndGlobalSection
	GlobalSection(SolutionProperties) = preSolution
		HideSolutionNode = FALSE
	EndGlobalSection
	GlobalSection(ExtensibilityGlobals) = postSolution
		SolutionGuid = {4BD728AF-CC1B-422B-8998-D3D6CC564B42}
	EndGlobalSection
EndGlobal
