
Microsoft Visual Studio Solution File, Format Version 12.00
# Visual Studio Version 16
VisualStudioVersion = 16.0.31005.135
MinimumVisualStudioVersion = 10.0.40219.1
Project("{FAE04EC0-301F-11D3-BF4B-00C04F79EFBC}") = "E2-Circunferencia", "E2-Circunferencia\E2-Circunferencia.csproj", "{1DE91EA7-A9DE-4560-87BA-F40CE1C9A40E}"
EndProject
Global
	GlobalSection(SolutionConfigurationPlatforms) = preSolution
		Debug|Any CPU = Debug|Any CPU
		Release|Any CPU = Release|Any CPU
	EndGlobalSection
	GlobalSection(ProjectConfigurationPlatforms) = postSolution
		{1DE91EA7-A9DE-4560-87BA-F40CE1C9A40E}.Debug|Any CPU.ActiveCfg = Debug|Any CPU
		{1DE91EA7-A9DE-4560-87BA-F40CE1C9A40E}.Debug|Any CPU.Build.0 = Debug|Any CPU
		{1DE91EA7-A9DE-4560-87BA-F40CE1C9A40E}.Release|Any CPU.ActiveCfg = Release|Any CPU
		{1DE91EA7-A9DE-4560-87BA-F40CE1C9A40E}.Release|Any CPU.Build.0 = Release|Any CPU
	EndGlobalSection
	GlobalSection(SolutionProperties) = preSolution
		HideSolutionNode = FALSE
	EndGlobalSection
	GlobalSection(ExtensibilityGlobals) = postSolution
		SolutionGuid = {02454B22-4EFC-4A43-9D35-BA811562E6A7}
	EndGlobalSection
EndGlobal
