
Microsoft Visual Studio Solution File, Format Version 12.00
# Visual Studio Version 16
VisualStudioVersion = 16.0.31005.135
MinimumVisualStudioVersion = 10.0.40219.1
Project("{FAE04EC0-301F-11D3-BF4B-00C04F79EFBC}") = "E3-Rectangulo", "E3-Rectangulo\E3-Rectangulo.csproj", "{BEDA0C8F-61DC-4932-8BB0-9F4BD8FA13A0}"
EndProject
Global
	GlobalSection(SolutionConfigurationPlatforms) = preSolution
		Debug|Any CPU = Debug|Any CPU
		Release|Any CPU = Release|Any CPU
	EndGlobalSection
	GlobalSection(ProjectConfigurationPlatforms) = postSolution
		{BEDA0C8F-61DC-4932-8BB0-9F4BD8FA13A0}.Debug|Any CPU.ActiveCfg = Debug|Any CPU
		{BEDA0C8F-61DC-4932-8BB0-9F4BD8FA13A0}.Debug|Any CPU.Build.0 = Debug|Any CPU
		{BEDA0C8F-61DC-4932-8BB0-9F4BD8FA13A0}.Release|Any CPU.ActiveCfg = Release|Any CPU
		{BEDA0C8F-61DC-4932-8BB0-9F4BD8FA13A0}.Release|Any CPU.Build.0 = Release|Any CPU
	EndGlobalSection
	GlobalSection(SolutionProperties) = preSolution
		HideSolutionNode = FALSE
	EndGlobalSection
	GlobalSection(ExtensibilityGlobals) = postSolution
		SolutionGuid = {D3AAE732-7A56-4E45-82DD-9A67B1F3A823}
	EndGlobalSection
EndGlobal
