
Microsoft Visual Studio Solution File, Format Version 12.00
# Visual Studio Version 16
VisualStudioVersion = 16.0.31005.135
MinimumVisualStudioVersion = 10.0.40219.1
Project("{FAE04EC0-301F-11D3-BF4B-00C04F79EFBC}") = "E1-Circunferencia", "E1-Circunferencia\E1-Circunferencia.csproj", "{28A3480F-BA36-42E2-9512-C02B87FDD66B}"
EndProject
Global
	GlobalSection(SolutionConfigurationPlatforms) = preSolution
		Debug|Any CPU = Debug|Any CPU
		Release|Any CPU = Release|Any CPU
	EndGlobalSection
	GlobalSection(ProjectConfigurationPlatforms) = postSolution
		{28A3480F-BA36-42E2-9512-C02B87FDD66B}.Debug|Any CPU.ActiveCfg = Debug|Any CPU
		{28A3480F-BA36-42E2-9512-C02B87FDD66B}.Debug|Any CPU.Build.0 = Debug|Any CPU
		{28A3480F-BA36-42E2-9512-C02B87FDD66B}.Release|Any CPU.ActiveCfg = Release|Any CPU
		{28A3480F-BA36-42E2-9512-C02B87FDD66B}.Release|Any CPU.Build.0 = Release|Any CPU
	EndGlobalSection
	GlobalSection(SolutionProperties) = preSolution
		HideSolutionNode = FALSE
	EndGlobalSection
	GlobalSection(ExtensibilityGlobals) = postSolution
		SolutionGuid = {C2DE8F6D-0543-493A-9AF8-25EB14DB17E3}
	EndGlobalSection
EndGlobal
