
Microsoft Visual Studio Solution File, Format Version 12.00
# Visual Studio Version 16
VisualStudioVersion = 16.0.31005.135
MinimumVisualStudioVersion = 10.0.40219.1
Project("{FAE04EC0-301F-11D3-BF4B-00C04F79EFBC}") = "E15-Llamada Telefonica", "E15-Llamada Telefonica\E15-Llamada Telefonica.csproj", "{7BDA5D0B-E50C-4E4B-B65D-B223B7682DB8}"
EndProject
Global
	GlobalSection(SolutionConfigurationPlatforms) = preSolution
		Debug|Any CPU = Debug|Any CPU
		Release|Any CPU = Release|Any CPU
	EndGlobalSection
	GlobalSection(ProjectConfigurationPlatforms) = postSolution
		{7BDA5D0B-E50C-4E4B-B65D-B223B7682DB8}.Debug|Any CPU.ActiveCfg = Debug|Any CPU
		{7BDA5D0B-E50C-4E4B-B65D-B223B7682DB8}.Debug|Any CPU.Build.0 = Debug|Any CPU
		{7BDA5D0B-E50C-4E4B-B65D-B223B7682DB8}.Release|Any CPU.ActiveCfg = Release|Any CPU
		{7BDA5D0B-E50C-4E4B-B65D-B223B7682DB8}.Release|Any CPU.Build.0 = Release|Any CPU
	EndGlobalSection
	GlobalSection(SolutionProperties) = preSolution
		HideSolutionNode = FALSE
	EndGlobalSection
	GlobalSection(ExtensibilityGlobals) = postSolution
		SolutionGuid = {299EC47D-6594-41B2-BF3E-2253AAD9F7D8}
	EndGlobalSection
EndGlobal
